
Microsoft Visual Studio Solution File, Format Version 12.00
# Visual Studio Version 17
VisualStudioVersion = 17.3.32922.545
MinimumVisualStudioVersion = 10.0.40219.1
Project("{8BC9CEB8-8B4A-11D0-8D11-00A0C91BC942}") = "CPP_Learning", "CPP_Learning\CPP_Learning.vcxproj", "{1866334C-7894-4A05-8907-B0CD6A1A2FB7}"
EndProject
Global
	GlobalSection(SolutionConfigurationPlatforms) = preSolution
		Debug|x64 = Debug|x64
		Debug|x86 = Debug|x86
		Release|x64 = Release|x64
		Release|x86 = Release|x86
	EndGlobalSection
	GlobalSection(ProjectConfigurationPlatforms) = postSolution
		{1866334C-7894-4A05-8907-B0CD6A1A2FB7}.Debug|x64.ActiveCfg = Debug|x64
		{1866334C-7894-4A05-8907-B0CD6A1A2FB7}.Debug|x64.Build.0 = Debug|x64
		{1866334C-7894-4A05-8907-B0CD6A1A2FB7}.Debug|x86.ActiveCfg = Debug|Win32
		{1866334C-7894-4A05-8907-B0CD6A1A2FB7}.Debug|x86.Build.0 = Debug|Win32
		{1866334C-7894-4A05-8907-B0CD6A1A2FB7}.Release|x64.ActiveCfg = Release|x64
		{1866334C-7894-4A05-8907-B0CD6A1A2FB7}.Release|x64.Build.0 = Release|x64
		{1866334C-7894-4A05-8907-B0CD6A1A2FB7}.Release|x86.ActiveCfg = Release|Win32
		{1866334C-7894-4A05-8907-B0CD6A1A2FB7}.Release|x86.Build.0 = Release|Win32
	EndGlobalSection
	GlobalSection(SolutionProperties) = preSolution
		HideSolutionNode = FALSE
	EndGlobalSection
	GlobalSection(ExtensibilityGlobals) = postSolution
		SolutionGuid = {0FEAC15F-FF39-43A8-AF6B-90E0B6EE3BD1}
	EndGlobalSection
EndGlobal
